{
  "requires": true,
  "lockfileVersion": 1,
  "dependencies": {
    "classnames": {
      "version": "2.3.1",
      "resolved": "https://registry.npmjs.org/classnames/-/classnames-2.3.1.tgz",
      "integrity": "sha512-OlQdbZ7gLfGarSqxesMesDa5uz7KFbID8Kpq/SxIoNGDqY8lSYs0D+hhtBXhcdB3rcbXArFr7vlHheLk1voeNA=="
    },
    "object-assign": {
      "version": "4.1.1",
      "resolved": "https://registry.npmjs.org/object-assign/-/object-assign-4.1.1.tgz",
      "integrity": "sha1-IQmtx5ZYh8/AXLvUQsrIv7s2CGM="
    },
    "react-contextmenu": {
      "version": "2.14.0",
      "resolved": "https://registry.npmjs.org/react-contextmenu/-/react-contextmenu-2.14.0.tgz",
      "integrity": "sha512-ktqMOuad6sCFNJs/ltEwppN8F0YeXmqoZfwycgtZR/MxOXMYx1xgYC44SzWH259HdGyshk1/7sXGuIRwj9hzbw==",
      "requires": {
        "classnames": "^2.2.5",
        "object-assign": "^4.1.0"
      }
    }
  }
}
